
Microsoft Visual Studio Solution File, Format Version 12.00
# Visual Studio Version 17
VisualStudioVersion = 17.2.32505.173
MinimumVisualStudioVersion = 10.0.40219.1
Project("{FAE04EC0-301F-11D3-BF4B-00C04F79EFBC}") = "GetPong.Api", "GetPong.Api\GetPong.Api.csproj", "{9E850ECB-D490-4E00-BE6E-D8A8982789D5}"
EndProject
Project("{FAE04EC0-301F-11D3-BF4B-00C04F79EFBC}") = "GetPong.Application", "GetPong.Application\GetPong.Application.csproj", "{A5838266-2BDC-47C3-A0BC-8B4BF2876924}"
EndProject
Project("{FAE04EC0-301F-11D3-BF4B-00C04F79EFBC}") = "GetPong.Core", "GetPong.Core\GetPong.Core.csproj", "{761063EE-8367-4BA0-BE78-2C312FB294EF}"
EndProject
Project("{FAE04EC0-301F-11D3-BF4B-00C04F79EFBC}") = "GetPong.Infrastructure", "GetPong.Infrastructure\GetPong.Infrastructure.csproj", "{0F045E58-2B2E-4477-921F-24316C0C9368}"
EndProject
Global
	GlobalSection(SolutionConfigurationPlatforms) = preSolution
		Debug|Any CPU = Debug|Any CPU
		Release|Any CPU = Release|Any CPU
	EndGlobalSection
	GlobalSection(ProjectConfigurationPlatforms) = postSolution
		{9E850ECB-D490-4E00-BE6E-D8A8982789D5}.Debug|Any CPU.ActiveCfg = Debug|Any CPU
		{9E850ECB-D490-4E00-BE6E-D8A8982789D5}.Debug|Any CPU.Build.0 = Debug|Any CPU
		{9E850ECB-D490-4E00-BE6E-D8A8982789D5}.Release|Any CPU.ActiveCfg = Release|Any CPU
		{9E850ECB-D490-4E00-BE6E-D8A8982789D5}.Release|Any CPU.Build.0 = Release|Any CPU
		{A5838266-2BDC-47C3-A0BC-8B4BF2876924}.Debug|Any CPU.ActiveCfg = Debug|Any CPU
		{A5838266-2BDC-47C3-A0BC-8B4BF2876924}.Debug|Any CPU.Build.0 = Debug|Any CPU
		{A5838266-2BDC-47C3-A0BC-8B4BF2876924}.Release|Any CPU.ActiveCfg = Release|Any CPU
		{A5838266-2BDC-47C3-A0BC-8B4BF2876924}.Release|Any CPU.Build.0 = Release|Any CPU
		{761063EE-8367-4BA0-BE78-2C312FB294EF}.Debug|Any CPU.ActiveCfg = Debug|Any CPU
		{761063EE-8367-4BA0-BE78-2C312FB294EF}.Debug|Any CPU.Build.0 = Debug|Any CPU
		{761063EE-8367-4BA0-BE78-2C312FB294EF}.Release|Any CPU.ActiveCfg = Release|Any CPU
		{761063EE-8367-4BA0-BE78-2C312FB294EF}.Release|Any CPU.Build.0 = Release|Any CPU
		{0F045E58-2B2E-4477-921F-24316C0C9368}.Debug|Any CPU.ActiveCfg = Debug|Any CPU
		{0F045E58-2B2E-4477-921F-24316C0C9368}.Debug|Any CPU.Build.0 = Debug|Any CPU
		{0F045E58-2B2E-4477-921F-24316C0C9368}.Release|Any CPU.ActiveCfg = Release|Any CPU
		{0F045E58-2B2E-4477-921F-24316C0C9368}.Release|Any CPU.Build.0 = Release|Any CPU
	EndGlobalSection
	GlobalSection(SolutionProperties) = preSolution
		HideSolutionNode = FALSE
	EndGlobalSection
	GlobalSection(ExtensibilityGlobals) = postSolution
		SolutionGuid = {CCCAF0C2-F4A7-47F8-9A37-E513D79538D0}
	EndGlobalSection
EndGlobal
